
Microsoft Visual Studio Solution File, Format Version 12.00
# Visual Studio Version 17
VisualStudioVersion = 17.7.34009.444
MinimumVisualStudioVersion = 10.0.40219.1
Project("{FAE04EC0-301F-11D3-BF4B-00C04F79EFBC}") = "BlazorForms", "BlazorForms\BlazorForms.csproj", "{7CEA855E-55F9-45D9-8EBF-8C9837C8673E}"
EndProject
Global
	GlobalSection(SolutionConfigurationPlatforms) = preSolution
		Debug|Any CPU = Debug|Any CPU
		Release|Any CPU = Release|Any CPU
	EndGlobalSection
	GlobalSection(ProjectConfigurationPlatforms) = postSolution
		{7CEA855E-55F9-45D9-8EBF-8C9837C8673E}.Debug|Any CPU.ActiveCfg = Debug|Any CPU
		{7CEA855E-55F9-45D9-8EBF-8C9837C8673E}.Debug|Any CPU.Build.0 = Debug|Any CPU
		{7CEA855E-55F9-45D9-8EBF-8C9837C8673E}.Release|Any CPU.ActiveCfg = Release|Any CPU
		{7CEA855E-55F9-45D9-8EBF-8C9837C8673E}.Release|Any CPU.Build.0 = Release|Any CPU
	EndGlobalSection
	GlobalSection(SolutionProperties) = preSolution
		HideSolutionNode = FALSE
	EndGlobalSection
	GlobalSection(ExtensibilityGlobals) = postSolution
		SolutionGuid = {C7DB27CE-3606-4B73-ADDB-54ADD3D15B8F}
	EndGlobalSection
EndGlobal
